// !$*UTF8*$!
{
	archiveVersion = 1;
	classes = {
	};
	objectVersion = 46;
	objects = {

/* Begin PBXFileReference section */
		A36814C81CF75CE900CEC6A2 /* VideoProcessManager.swift */ = {isa = PBXFileReference; lastKnownFileType = sourcecode.swift; path = VideoProcessManager.swift; sourceTree = "<group>"; };
		A36814C91CF75CF200CEC6A2 /* AudioUnitsWithFilters.swift */ = {isa = PBXFileReference; lastKnownFileType = sourcecode.swift; path = AudioUnitsWithFilters.swift; sourceTree = "<group>"; };
		A36814CA1CF75CF200CEC6A2 /* DefaultAudioTracks.swift */ = {isa = PBXFileReference; lastKnownFileType = sourcecode.swift; path = DefaultAudioTracks.swift; sourceTree = "<group>"; };
		A36814CB1CF75CF900CEC6A2 /* DirectoryManager.swift */ = {isa = PBXFileReference; lastKnownFileType = sourcecode.swift; path = DirectoryManager.swift; sourceTree = "<group>"; };
		A36814CD1CF75D2F00CEC6A2 /* ObjectiveCAudioRenderer.m */ = {isa = PBXFileReference; lastKnownFileType = sourcecode.c.objc; path = ObjectiveCAudioRenderer.m; sourceTree = "<group>"; };
		A36814CE1CF75D3500CEC6A2 /* ObjectiveCAudioRenderer.h */ = {isa = PBXFileReference; lastKnownFileType = sourcecode.c.h; path = ObjectiveCAudioRenderer.h; sourceTree = "<group>"; };
/* End PBXFileReference section */

/* Begin PBXGroup section */
		A36814C11CF75C4300CEC6A2 = {
			isa = PBXGroup;
			children = (
				A36814CC1CF75D1300CEC6A2 /* RenderLibrary */,
				A36814C81CF75CE900CEC6A2 /* VideoProcessManager.swift */,
				A36814C91CF75CF200CEC6A2 /* AudioUnitsWithFilters.swift */,
				A36814CA1CF75CF200CEC6A2 /* DefaultAudioTracks.swift */,
				A36814CB1CF75CF900CEC6A2 /* DirectoryManager.swift */,
			);
			sourceTree = "<group>";
		};
		A36814CC1CF75D1300CEC6A2 /* RenderLibrary */ = {
			isa = PBXGroup;
			children = (
				A36814CE1CF75D3500CEC6A2 /* ObjectiveCAudioRenderer.h */,
				A36814CD1CF75D2F00CEC6A2 /* ObjectiveCAudioRenderer.m */,
			);
			name = RenderLibrary;
			sourceTree = "<group>";
		};
/* End PBXGroup section */

/* Begin PBXProject section */
		A36814C21CF75C4300CEC6A2 /* Project object */ = {
			isa = PBXProject;
			attributes = {
				LastUpgradeCheck = 0730;
			};
			buildConfigurationList = A36814C51CF75C4300CEC6A2 /* Build configuration list for PBXProject "MightyMedia" */;
			compatibilityVersion = "Xcode 3.2";
			developmentRegion = English;
			hasScannedForEncodings = 0;
			knownRegions = (
				en,
			);
			mainGroup = A36814C11CF75C4300CEC6A2;
			projectDirPath = "";
			projectRoot = "";
			targets = (
			);
		};
/* End PBXProject section */

/* Begin XCBuildConfiguration section */
		A36814C61CF75C4300CEC6A2 /* Debug */ = {
			isa = XCBuildConfiguration;
			buildSettings = {
			};
			name = Debug;
		};
		A36814C71CF75C4300CEC6A2 /* Release */ = {
			isa = XCBuildConfiguration;
			buildSettings = {
			};
			name = Release;
		};
/* End XCBuildConfiguration section */

/* Begin XCConfigurationList section */
		A36814C51CF75C4300CEC6A2 /* Build configuration list for PBXProject "MightyMedia" */ = {
			isa = XCConfigurationList;
			buildConfigurations = (
				A36814C61CF75C4300CEC6A2 /* Debug */,
				A36814C71CF75C4300CEC6A2 /* Release */,
			);
			defaultConfigurationIsVisible = 0;
			defaultConfigurationName = Release;
		};
/* End XCConfigurationList section */
	};
	rootObject = A36814C21CF75C4300CEC6A2 /* Project object */;
}
